# This file is automatically @generated by Poetry and should not be changed by hand.

[[package]]
name = "certstream"
version = "1.12"
description = "CertStream is a library for receiving certificate transparency list updates in real time."
category = "main"
optional = false
python-versions = "*"
files = [
    {file = "certstream-1.12.tar.gz", hash = "sha256:e692d65ea9447a5db6cd146c5969af6434edd87163fe0b100962bb5d7d223ddb"},
]

[package.dependencies]
termcolor = "*"
websocket-client = ">=0.58.0"

[[package]]
name = "colorama"
version = "0.4.6"
description = "Cross-platform colored terminal text."
category = "main"
optional = false
python-versions = "!=3.0.*,!=3.1.*,!=3.2.*,!=3.3.*,!=3.4.*,!=3.5.*,!=3.6.*,>=2.7"
files = [
    {file = "colorama-0.4.6-py2.py3-none-any.whl", hash = "sha256:4f1d9991f5acc0ca119f9d443620b77f9d6b33703e51011c16baf57afb285fc6"},
    {file = "colorama-0.4.6.tar.gz", hash = "sha256:08695f5cb7ed6e0531a20572697297273c47b8cae5a63ffc6d6ed5c201be6e44"},
]

[[package]]
name = "levenshtein"
version = "0.20.9"
description = "Python extension for computing string edit distances and similarities."
category = "main"
optional = false
python-versions = ">=3.6"
files = [
    {file = "Levenshtein-0.20.9-cp310-cp310-macosx_10_9_universal2.whl", hash = "sha256:105c239ec786750cd5136991c58196b440cc39b6acf3ec8227f6562c9a94e4b9"},
    {file = "Levenshtein-0.20.9-cp310-cp310-macosx_10_9_x86_64.whl", hash = "sha256:2f7728bea7fe6dc55ceecde0dcda4287e74fe3b6733ad42530f46aaa8d2f81d0"},
    {file = "Levenshtein-0.20.9-cp310-cp310-macosx_11_0_arm64.whl", hash = "sha256:cc7eca755c13c92814c8cce8175524cf764ce38f39228b602f59eac58cfdc51a"},
    {file = "Levenshtein-0.20.9-cp310-cp310-manylinux_2_17_aarch64.manylinux2014_aarch64.whl", hash = "sha256:e8a552e79d053dc1324fb90d342447fd4e15736f4cbc5363b6fbd5577f53dce9"},
    {file = "Levenshtein-0.20.9-cp310-cp310-manylinux_2_17_ppc64le.manylinux2014_ppc64le.whl", hash = "sha256:5474b2681ee0b7944fb1e7fe281cd44e2dfe75b03ba4558dca49c96fa0861b62"},
    {file = "Levenshtein-0.20.9-cp310-cp310-manylinux_2_17_s390x.manylinux2014_s390x.whl", hash = "sha256:56e132c203b0dd8fc72a33e791c39ad0d5a25bcf24b130a1e202abbf489a3e75"},
    {file = "Levenshtein-0.20.9-cp310-cp310-manylinux_2_17_x86_64.manylinux2014_x86_64.whl", hash = "sha256:3badc94708ac05b405e795fde58a53272b90a9ee6099ecd54a345658b7b812e1"},
    {file = "Levenshtein-0.20.9-cp310-cp310-manylinux_2_5_i686.manylinux1_i686.manylinux_2_17_i686.manylinux2014_i686.whl", hash = "sha256:48b9b3ae095b14dad7bc4bd219c7cd9113a7aa123a033337c85b00fe2ed565d3"},
    {file = "Levenshtein-0.20.9-cp310-cp310-musllinux_1_1_aarch64.whl", hash = "sha256:0d3a1f7328c91caeb1f857ddd2787e3f19d60cc2c688339d249ca8841da61454"},
    {file = "Levenshtein-0.20.9-cp310-cp310-musllinux_1_1_i686.whl", hash = "sha256:ef67c50428c99caf67d31bd209da21d9378da5f0cc3ad4f7bafb6caa78aee6f2"},
    {file = "Levenshtein-0.20.9-cp310-cp310-musllinux_1_1_ppc64le.whl", hash = "sha256:47f6d1592c0891f7355e38a302becd233336ca2f55f9a8be3a8635f946a6784f"},
    {file = "Levenshtein-0.20.9-cp310-cp310-musllinux_1_1_s390x.whl", hash = "sha256:2891019740e874f05e0349e9f27b6af8ad837b1612f42e9c90c296d54d1404fd"},
    {file = "Levenshtein-0.20.9-cp310-cp310-musllinux_1_1_x86_64.whl", hash = "sha256:c554704eec4f4ba742febdcc79a85491f8f9a1d493cb103bb2af18536d6cf122"},
    {file = "Levenshtein-0.20.9-cp310-cp310-win32.whl", hash = "sha256:7628e356b3f9c78ad7272c3b9137f0641a1368849e749ff6f2c8fe372795806b"},
    {file = "Levenshtein-0.20.9-cp310-cp310-win_amd64.whl", hash = "sha256:ba2bafe3511194a37044cae4e7d328cca70657933052691c37eba2ca428a379d"},
    {file = "Levenshtein-0.20.9-cp311-cp311-macosx_10_9_universal2.whl", hash = "sha256:7605a94145198d19fdaaa7e29c0f8a56ad719b12386f3ae8cd8ed4cb9fa6c2e4"},
    {file = "Levenshtein-0.20.9-cp311-cp311-macosx_10_9_x86_64.whl", hash = "sha256:29db4dabfad2ddf33c7986eb6fd525c7587cca4c4d9e187365cff0a5281f5a35"},
    {file = "Levenshtein-0.20.9-cp311-cp311-macosx_11_0_arm64.whl", hash = "sha256:965336c1772a4fc5fb2686a2a0bfaf3455dced96f19f50f278da8bc139076d31"},
    {file = "Levenshtein-0.20.9-cp311-cp311-manylinux_2_17_aarch64.manylinux2014_aarch64.whl", hash = "sha256:67235753035ac898d6475c0b29540521018db2e0027a3c1deb9aa0af0a84fd74"},
    {file = "Levenshtein-0.20.9-cp311-cp311-manylinux_2_17_ppc64le.manylinux2014_ppc64le.whl", hash = "sha256:120dca58136aee3d8c7b190e30db7b6a6eb9579ea5712df84ad076a389801743"},
    {file = "Levenshtein-0.20.9-cp311-cp311-manylinux_2_17_s390x.manylinux2014_s390x.whl", hash = "sha256:6496ea66a6f755e48c0d82f1eee396d16edcd5592d4b3677d26fa789a636a728"},
    {file = "Levenshtein-0.20.9-cp311-cp311-manylinux_2_17_x86_64.manylinux2014_x86_64.whl", hash = "sha256:c0af20327acc2c904d11611cb3a0d8d17f80c279a12e0b84189eafc35297186d"},
    {file = "Levenshtein-0.20.9-cp311-cp311-manylinux_2_5_i686.manylinux1_i686.manylinux_2_17_i686.manylinux2014_i686.whl", hash = "sha256:34d2f891ef53afbab6cf2eeb92ff13151884d17dc80a2d6d3c7ae74d7738b772"},
    {file = "Levenshtein-0.20.9-cp311-cp311-musllinux_1_1_aarch64.whl", hash = "sha256:2ab9c72380582bf4745d1c5b055b1df0c85f7a980a04bd7603a855dd91478c0f"},
    {file = "Levenshtein-0.20.9-cp311-cp311-musllinux_1_1_i686.whl", hash = "sha256:6de13be3eb5ac48053fb1635a7b4daa936b9114ad4b264942e9eb709fcaa41dd"},
    {file = "Levenshtein-0.20.9-cp311-cp311-musllinux_1_1_ppc64le.whl", hash = "sha256:a9fc296860588251d8d72b4f4637cca4eef7351e042a7a23d44e6385aef1e160"},
    {file = "Levenshtein-0.20.9-cp311-cp311-musllinux_1_1_s390x.whl", hash = "sha256:35777b20fe35858248c22da37984469e6dd1278f55d17c53378312853d5d683d"},
    {file = "Levenshtein-0.20.9-cp311-cp311-musllinux_1_1_x86_64.whl", hash = "sha256:6b9e0642ddb4c431f77c38cec9edbd0317e26c3f37d072ccf281ab58926dce69"},
    {file = "Levenshtein-0.20.9-cp311-cp311-win32.whl", hash = "sha256:f88ec322d86d3cc9d3936dbf6b421ad813950c2658599d48ac4ede59f2a6047e"},
    {file = "Levenshtein-0.20.9-cp311-cp311-win_amd64.whl", hash = "sha256:2907a6888455f9915d5b656f5d058f63eaf6063b2c7f0f1ff6bc05706ae5bc39"},
    {file = "Levenshtein-0.20.9-cp36-cp36m-macosx_10_9_x86_64.whl", hash = "sha256:6bcebc79760be08488cb921732af34ade6abc7476a94866881c68b45ec4b6c82"},
    {file = "Levenshtein-0.20.9-cp36-cp36m-manylinux_2_17_aarch64.manylinux2014_aarch64.whl", hash = "sha256:47d8d4f3825d1d8f3b19382537a8536e689cf57aaa224d2cb4f44cf844811885"},
    {file = "Levenshtein-0.20.9-cp36-cp36m-manylinux_2_17_ppc64le.manylinux2014_ppc64le.whl", hash = "sha256:9d40e18a5817ee7f0675401613a26c492fd4ea68d2103c1480fb5a6ab1b8763d"},
    {file = "Levenshtein-0.20.9-cp36-cp36m-manylinux_2_17_s390x.manylinux2014_s390x.whl", hash = "sha256:4d258f3d44f6bac17f33002fea34570049507d3476c3716b5267170c666b20b4"},
    {file = "Levenshtein-0.20.9-cp36-cp36m-manylinux_2_17_x86_64.manylinux2014_x86_64.whl", hash = "sha256:c621e0c389546147ed43c33ca4168de0f91c920508ab8a94a400835fa084f486"},
    {file = "Levenshtein-0.20.9-cp36-cp36m-manylinux_2_5_i686.manylinux1_i686.manylinux_2_17_i686.manylinux2014_i686.whl", hash = "sha256:57a31527dc7994353091626e62b7d82d53290cb00df48d3e5d29cb291fb4c03c"},
    {file = "Levenshtein-0.20.9-cp36-cp36m-musllinux_1_1_aarch64.whl", hash = "sha256:129c8f192e656b7c2c543bf0d704d677720771b8bc2f30c50db02fbc2001bac2"},
    {file = "Levenshtein-0.20.9-cp36-cp36m-musllinux_1_1_i686.whl", hash = "sha256:5a01fca58255be6bf724a40af2575d7cf644c099c28a00d1f5f6a81675e60e7d"},
    {file = "Levenshtein-0.20.9-cp36-cp36m-musllinux_1_1_ppc64le.whl", hash = "sha256:4c13749ea39a228f05d5bd9d473e76f726fc2dcd493cafc322f740921a6eeffb"},
    {file = "Levenshtein-0.20.9-cp36-cp36m-musllinux_1_1_s390x.whl", hash = "sha256:69daa0f8eefa5b947255a81346741ed86fe7030e0909741dbd978e38b30da3fd"},
    {file = "Levenshtein-0.20.9-cp36-cp36m-musllinux_1_1_x86_64.whl", hash = "sha256:fcc78a73ed423bbb09ac902dd2e1ff1094d159d1c6766e5e52da5f376a4cba18"},
    {file = "Levenshtein-0.20.9-cp36-cp36m-win32.whl", hash = "sha256:d82ae57982a9f33c55778f1f0f63d5e51e291aee236abed3b90497578b944202"},
    {file = "Levenshtein-0.20.9-cp36-cp36m-win_amd64.whl", hash = "sha256:4082379b406752fc1173ed1f8c3a122c5d5491e10e564ed721602e4e049e3d4c"},
    {file = "Levenshtein-0.20.9-cp37-cp37m-macosx_10_9_x86_64.whl", hash = "sha256:cb499783b7126e6fc45c39ab34c8114148425c5d975b1ce35e6c47c0eda58a94"},
    {file = "Levenshtein-0.20.9-cp37-cp37m-manylinux_2_17_aarch64.manylinux2014_aarch64.whl", hash = "sha256:7ce747b296aad3bd8a563cccf2119cf37bf72f668076bfdad6ec55f0a0596dd9"},
    {file = "Levenshtein-0.20.9-cp37-cp37m-manylinux_2_17_ppc64le.manylinux2014_ppc64le.whl", hash = "sha256:1347c3ebbe8f42f7a487e8d23a95bde6529379b4939ad51d32246d001565c499"},
    {file = "Levenshtein-0.20.9-cp37-cp37m-manylinux_2_17_s390x.manylinux2014_s390x.whl", hash = "sha256:2a2f1c1e8360603a6da29416da61d1907a27656843e269413091c8c3a3e6286e"},
    {file = "Levenshtein-0.20.9-cp37-cp37m-manylinux_2_17_x86_64.manylinux2014_x86_64.whl", hash = "sha256:73c1caaedbee3617fd29139aac8dab7743776b59c3c1fed2790308ecb43c7b25"},
    {file = "Levenshtein-0.20.9-cp37-cp37m-manylinux_2_5_i686.manylinux1_i686.manylinux_2_17_i686.manylinux2014_i686.whl", hash = "sha256:a1f24133df69f8b618fc508d6023695130ad3c3c8968ef43aaeca21835eb337a"},
    {file = "Levenshtein-0.20.9-cp37-cp37m-musllinux_1_1_aarch64.whl", hash = "sha256:cf7260722f8170c09af5cfa714bb45626a4dfc85d71d1c1c9c52c2a6901cc501"},
    {file = "Levenshtein-0.20.9-cp37-cp37m-musllinux_1_1_i686.whl", hash = "sha256:01668178fd9244df290db0340293982fe7641162a12a35ad9ffb3fe145ce6377"},
    {file = "Levenshtein-0.20.9-cp37-cp37m-musllinux_1_1_ppc64le.whl", hash = "sha256:1e46f9d3483dc4991ac60ff3711b0d40f93e352cc8edc16b68df57ccc472bd6c"},
    {file = "Levenshtein-0.20.9-cp37-cp37m-musllinux_1_1_s390x.whl", hash = "sha256:680cd250dc1875eb80cf2a0cca742bd13f6f9ab11c48317244fcc483eba1dd67"},
    {file = "Levenshtein-0.20.9-cp37-cp37m-musllinux_1_1_x86_64.whl", hash = "sha256:2346e2f7dfbbc2936bd81e19f7734984e72486ffc086760c897b39b9f674b2fa"},
    {file = "Levenshtein-0.20.9-cp37-cp37m-win32.whl", hash = "sha256:7f31bcf257fec9719d0d97185c419d315f6f20a194f0b442919e352d19418b2e"},
    {file = "Levenshtein-0.20.9-cp37-cp37m-win_amd64.whl", hash = "sha256:48262bc9830ad60de96411fcb2e96a522c7206e7069169e04d89dd79364a7722"},
    {file = "Levenshtein-0.20.9-cp38-cp38-macosx_10_9_universal2.whl", hash = "sha256:eba5696e1f8e8da225498fd1d743886d639400cafd0e5be3c553978cbb54c345"},
    {file = "Levenshtein-0.20.9-cp38-cp38-macosx_10_9_x86_64.whl", hash = "sha256:679333188f9791c85109d2981e97e8721a99b2b975b5c52d16aca50ac9c70757"},
    {file = "Levenshtein-0.20.9-cp38-cp38-macosx_11_0_arm64.whl", hash = "sha256:06c9cfc61cf66833692d1ed258ec5a0871221b0779f1281c32a10348c492e2c5"},
    {file = "Levenshtein-0.20.9-cp38-cp38-manylinux_2_17_aarch64.manylinux2014_aarch64.whl", hash = "sha256:b5d80d949168df406f2ac9ade1a5d0419cef0a8df611c8c2efe88f0248c9d0c0"},
    {file = "Levenshtein-0.20.9-cp38-cp38-manylinux_2_17_ppc64le.manylinux2014_ppc64le.whl", hash = "sha256:9275c6e601ff7f659116e2235e8585950c9c39d72504006077be85bf27950b35"},
    {file = "Levenshtein-0.20.9-cp38-cp38-manylinux_2_17_s390x.manylinux2014_s390x.whl", hash = "sha256:6414eea342d9632045e12b66bef043dbc6557189a283dc4dcc5966f63fa48998"},
    {file = "Levenshtein-0.20.9-cp38-cp38-manylinux_2_17_x86_64.manylinux2014_x86_64.whl", hash = "sha256:56571c58700600a382ecdf3f9efcb132ed16a0476cbb4e23a9478ab0ae788fd9"},
    {file = "Levenshtein-0.20.9-cp38-cp38-manylinux_2_5_i686.manylinux1_i686.manylinux_2_17_i686.manylinux2014_i686.whl", hash = "sha256:e7ccb76ffd9b851384f9cf1595b90b17cae46f0ab895e234de11ea48f9d9f73a"},
    {file = "Levenshtein-0.20.9-cp38-cp38-musllinux_1_1_aarch64.whl", hash = "sha256:109172943cff7fb10f28a9eb819eb3eaf9c88fe38661fb1d0f230a8ae68a615c"},
    {file = "Levenshtein-0.20.9-cp38-cp38-musllinux_1_1_i686.whl", hash = "sha256:534c8bbdfd033fa20575d57332d9ac0447b5afbeca7db975ba169762ece2051f"},
    {file = "Levenshtein-0.20.9-cp38-cp38-musllinux_1_1_ppc64le.whl", hash = "sha256:381a725963c392585135654caa3c7fc32cb1755ed977fb9db72e8838fee261be"},
    {file = "Levenshtein-0.20.9-cp38-cp38-musllinux_1_1_s390x.whl", hash = "sha256:7e4a44b1223980a9880e6f2bbf19121a125928580df9e4e81207199190343e11"},
    {file = "Levenshtein-0.20.9-cp38-cp38-musllinux_1_1_x86_64.whl", hash = "sha256:fc0ced58ee6d07351cde140a7ec88e5f2ceb053c805af1f90514d21914d21cad"},
    {file = "Levenshtein-0.20.9-cp38-cp38-win32.whl", hash = "sha256:5eec0868ffcd825564dd5e3399305eaa159220554d1aedbff13af0de1fe01f6c"},
    {file = "Levenshtein-0.20.9-cp38-cp38-win_amd64.whl", hash = "sha256:e9db476e40a3aa184631d102b716a019f70837eb0fcdd5b5d1504f099f91359c"},
    {file = "Levenshtein-0.20.9-cp39-cp39-macosx_10_9_universal2.whl", hash = "sha256:d5a20ecc20a09a32c72128c43d7df23877a2469b3c17780ae83f9a9d55873c08"},
    {file = "Levenshtein-0.20.9-cp39-cp39-macosx_10_9_x86_64.whl", hash = "sha256:8b7b772f2f62a19a15ccb1b09c6c7754ca7430bb7e19d4ca4ff232958786873b"},
    {file = "Levenshtein-0.20.9-cp39-cp39-macosx_11_0_arm64.whl", hash = "sha256:af92326b90ea6fe4521cf6a5dfe450e21150393c573ef3ad9ee446f1009fbfbd"},
    {file = "Levenshtein-0.20.9-cp39-cp39-manylinux_2_17_aarch64.manylinux2014_aarch64.whl", hash = "sha256:b48554dad328e198a636f937e2f4c057aac8e4bfcb8467b10e0f5daa94307b17"},
    {file = "Levenshtein-0.20.9-cp39-cp39-manylinux_2_17_ppc64le.manylinux2014_ppc64le.whl", hash = "sha256:82304821e128d5453d1755d1c2f3d9cdf75e9def3517cf913b09df174e20283b"},
    {file = "Levenshtein-0.20.9-cp39-cp39-manylinux_2_17_s390x.manylinux2014_s390x.whl", hash = "sha256:2052357c5da195ede7dbc81a4e3408ebd6374a1ff1b86a0a9d8b8ce9562b32c3"},
    {file = "Levenshtein-0.20.9-cp39-cp39-manylinux_2_17_x86_64.manylinux2014_x86_64.whl", hash = "sha256:44d60c6b47ccd6841c990418f7f4f58c28f7da9b07b81eaafc99b836cf351df1"},
    {file = "Levenshtein-0.20.9-cp39-cp39-manylinux_2_5_i686.manylinux1_i686.manylinux_2_17_i686.manylinux2014_i686.whl", hash = "sha256:8dc2194c917e4466cb604580b16e42286f04e3fe0424489459e68f0834f5c527"},
    {file = "Levenshtein-0.20.9-cp39-cp39-musllinux_1_1_aarch64.whl", hash = "sha256:bb1e20965d759d89318cac7ff7eb045eb1fafcb5c3fa3047a23f6ae20c810ad7"},
    {file = "Levenshtein-0.20.9-cp39-cp39-musllinux_1_1_i686.whl", hash = "sha256:74e959035da10a54e7a2eee28408eff672297ce96cdadd6f4a2f269a06e395c4"},
    {file = "Levenshtein-0.20.9-cp39-cp39-musllinux_1_1_ppc64le.whl", hash = "sha256:4a441b23d9704f57eb34af6a300ae5c335b9e77e6a065ada36ca69d6fc582af9"},
    {file = "Levenshtein-0.20.9-cp39-cp39-musllinux_1_1_s390x.whl", hash = "sha256:f59470c49114a5da064712a427317f2b1fa5bb89aa2dfd0e300f8289e26aec28"},
    {file = "Levenshtein-0.20.9-cp39-cp39-musllinux_1_1_x86_64.whl", hash = "sha256:06191f5d0527e3224107aea260b5cffc8a78722e0efb4e793f0e45c449b813a2"},
    {file = "Levenshtein-0.20.9-cp39-cp39-win32.whl", hash = "sha256:3235c461904fe94b4f62fee78a1658c1316344411c81b02400c27d692a893f8f"},
    {file = "Levenshtein-0.20.9-cp39-cp39-win_amd64.whl", hash = "sha256:8b852def43d165c2f2b468239d66b847d9e6f52a775fc657773ced04d26062bd"},
    {file = "Levenshtein-0.20.9-pp37-pypy37_pp73-macosx_10_9_x86_64.whl", hash = "sha256:f674cc75f127692525563155e500a3fa16aaf24dafd33a9bcda46e2979f793a1"},
    {file = "Levenshtein-0.20.9-pp37-pypy37_pp73-manylinux_2_17_aarch64.manylinux2014_aarch64.whl", hash = "sha256:a34e3fd21acb31fcd29a0c8353dca74dfbb59957210a6f142505907a9dff3d59"},
    {file = "Levenshtein-0.20.9-pp37-pypy37_pp73-manylinux_2_17_x86_64.manylinux2014_x86_64.whl", hash = "sha256:e0ddddf2beafd1a2e17a87f80be562a7f7478e6098ccfc15de4c879972dfa2f9"},
    {file = "Levenshtein-0.20.9-pp37-pypy37_pp73-manylinux_2_5_i686.manylinux1_i686.manylinux_2_17_i686.manylinux2014_i686.whl", hash = "sha256:9649af1a896a4a7fc7f6f1fd093e8a92f463297f56c7bd0f8d7d16dfabeb236d"},
    {file = "Levenshtein-0.20.9-pp37-pypy37_pp73-win_amd64.whl", hash = "sha256:d7bd7f25336849027fbe5ed32b6ffd404436727d78a014e348dcd17347c73fd8"},
    {file = "Levenshtein-0.20.9-pp38-pypy38_pp73-macosx_10_9_x86_64.whl", hash = "sha256:0371d996ae81089296f42b6e886c7bf138d1cb0f002b0c724a9e5d689b29b5a0"},
    {file = "Levenshtein-0.20.9-pp38-pypy38_pp73-manylinux_2_17_aarch64.manylinux2014_aarch64.whl", hash = "sha256:d7e00e2fda9f225b5f4537647f6195cf220d468532739d3390eaf082b1d76c87"},
    {file = "Levenshtein-0.20.9-pp38-pypy38_pp73-manylinux_2_17_x86_64.manylinux2014_x86_64.whl", hash = "sha256:1600f5ebe2f2aebf13e88cf488ec2e5ce25f7a42b5846335018693baf4ea63bd"},
    {file = "Levenshtein-0.20.9-pp38-pypy38_pp73-manylinux_2_5_i686.manylinux1_i686.manylinux_2_17_i686.manylinux2014_i686.whl", hash = "sha256:9bcd59fcf06aaedda98da185ec289dc2c2c9922ce789f6a9c101709d4a22cac9"},
    {file = "Levenshtein-0.20.9-pp38-pypy38_pp73-win_amd64.whl", hash = "sha256:1549e307028fa5c3a8cf28ae8bcb1f6072df2abf7f36b9d7adf7fd60690fe372"},
    {file = "Levenshtein-0.20.9-pp39-pypy39_pp73-macosx_10_9_x86_64.whl", hash = "sha256:795f2e95d09a33c66c73cd49be3ee632fb4b8c41be72c0cb8df29a329ce7d111"},
    {file = "Levenshtein-0.20.9-pp39-pypy39_pp73-manylinux_2_17_aarch64.manylinux2014_aarch64.whl", hash = "sha256:726bfb361d3b6786bea31392752f0ffcca568db7dc3f1e274f1b529489b8ad05"},
    {file = "Levenshtein-0.20.9-pp39-pypy39_pp73-manylinux_2_17_x86_64.manylinux2014_x86_64.whl", hash = "sha256:0e0fd315132786375de532355fa06b2f11c4b4af5784b7e064dc54b6ee0c3281"},
    {file = "Levenshtein-0.20.9-pp39-pypy39_pp73-manylinux_2_5_i686.manylinux1_i686.manylinux_2_17_i686.manylinux2014_i686.whl", hash = "sha256:0674bc0549d5ea9edb934b3b03a160a116cc410feb5739a51f9c4f618ee674e3"},
    {file = "Levenshtein-0.20.9-pp39-pypy39_pp73-win_amd64.whl", hash = "sha256:1ef8f3ecdfca5d6f0538226338d58617270439a1cc9b6cacb30a388984bb1608"},
    {file = "Levenshtein-0.20.9.tar.gz", hash = "sha256:70a8ad5e28bb76d87da1eb3f31de940836596547d6d01317c2289f5b7cd0b0ea"},
]

[package.dependencies]
rapidfuzz = ">=2.3.0,<3.0.0"

[[package]]
name = "loguru"
version = "0.6.0"
description = "Python logging made (stupidly) simple"
category = "main"
optional = false
python-versions = ">=3.5"
files = [
    {file = "loguru-0.6.0-py3-none-any.whl", hash = "sha256:4e2414d534a2ab57573365b3e6d0234dfb1d84b68b7f3b948e6fb743860a77c3"},
    {file = "loguru-0.6.0.tar.gz", hash = "sha256:066bd06758d0a513e9836fd9c6b5a75bfb3fd36841f4b996bc60b547a309d41c"},
]

[package.dependencies]
colorama = {version = ">=0.3.4", markers = "sys_platform == \"win32\""}
win32-setctime = {version = ">=1.0.0", markers = "sys_platform == \"win32\""}

[package.extras]
dev = ["Sphinx (>=4.1.1)", "black (>=19.10b0)", "colorama (>=0.3.4)", "docutils (==0.16)", "flake8 (>=3.7.7)", "isort (>=5.1.1)", "pytest (>=4.6.2)", "pytest-cov (>=2.7.1)", "sphinx-autobuild (>=0.7.1)", "sphinx-rtd-theme (>=0.4.3)", "tox (>=3.9.0)"]

[[package]]
name = "pyyaml"
version = "6.0"
description = "YAML parser and emitter for Python"
category = "main"
optional = false
python-versions = ">=3.6"
files = [
    {file = "PyYAML-6.0-cp310-cp310-macosx_10_9_x86_64.whl", hash = "sha256:d4db7c7aef085872ef65a8fd7d6d09a14ae91f691dec3e87ee5ee0539d516f53"},
    {file = "PyYAML-6.0-cp310-cp310-macosx_11_0_arm64.whl", hash = "sha256:9df7ed3b3d2e0ecfe09e14741b857df43adb5a3ddadc919a2d94fbdf78fea53c"},
    {file = "PyYAML-6.0-cp310-cp310-manylinux_2_17_aarch64.manylinux2014_aarch64.whl", hash = "sha256:77f396e6ef4c73fdc33a9157446466f1cff553d979bd00ecb64385760c6babdc"},
    {file = "PyYAML-6.0-cp310-cp310-manylinux_2_17_s390x.manylinux2014_s390x.whl", hash = "sha256:a80a78046a72361de73f8f395f1f1e49f956c6be882eed58505a15f3e430962b"},
    {file = "PyYAML-6.0-cp310-cp310-manylinux_2_5_x86_64.manylinux1_x86_64.manylinux_2_12_x86_64.manylinux2010_x86_64.whl", hash = "sha256:f84fbc98b019fef2ee9a1cb3ce93e3187a6df0b2538a651bfb890254ba9f90b5"},
    {file = "PyYAML-6.0-cp310-cp310-win32.whl", hash = "sha256:2cd5df3de48857ed0544b34e2d40e9fac445930039f3cfe4bcc592a1f836d513"},
    {file = "PyYAML-6.0-cp310-cp310-win_amd64.whl", hash = "sha256:daf496c58a8c52083df09b80c860005194014c3698698d1a57cbcfa182142a3a"},
    {file = "PyYAML-6.0-cp311-cp311-macosx_10_9_x86_64.whl", hash = "sha256:d4b0ba9512519522b118090257be113b9468d804b19d63c71dbcf4a48fa32358"},
    {file = "PyYAML-6.0-cp311-cp311-macosx_11_0_arm64.whl", hash = "sha256:81957921f441d50af23654aa6c5e5eaf9b06aba7f0a19c18a538dc7ef291c5a1"},
    {file = "PyYAML-6.0-cp311-cp311-manylinux_2_17_aarch64.manylinux2014_aarch64.whl", hash = "sha256:afa17f5bc4d1b10afd4466fd3a44dc0e245382deca5b3c353d8b757f9e3ecb8d"},
    {file = "PyYAML-6.0-cp311-cp311-manylinux_2_17_s390x.manylinux2014_s390x.whl", hash = "sha256:dbad0e9d368bb989f4515da330b88a057617d16b6a8245084f1b05400f24609f"},
    {file = "PyYAML-6.0-cp311-cp311-manylinux_2_17_x86_64.manylinux2014_x86_64.whl", hash = "sha256:432557aa2c09802be39460360ddffd48156e30721f5e8d917f01d31694216782"},
    {file = "PyYAML-6.0-cp311-cp311-win32.whl", hash = "sha256:bfaef573a63ba8923503d27530362590ff4f576c626d86a9fed95822a8255fd7"},
    {file = "PyYAML-6.0-cp311-cp311-win_amd64.whl", hash = "sha256:01b45c0191e6d66c470b6cf1b9531a771a83c1c4208272ead47a3ae4f2f603bf"},
    {file = "PyYAML-6.0-cp36-cp36m-macosx_10_9_x86_64.whl", hash = "sha256:897b80890765f037df3403d22bab41627ca8811ae55e9a722fd0392850ec4d86"},
    {file = "PyYAML-6.0-cp36-cp36m-manylinux_2_17_aarch64.manylinux2014_aarch64.whl", hash = "sha256:50602afada6d6cbfad699b0c7bb50d5ccffa7e46a3d738092afddc1f9758427f"},
    {file = "PyYAML-6.0-cp36-cp36m-manylinux_2_17_s390x.manylinux2014_s390x.whl", hash = "sha256:48c346915c114f5fdb3ead70312bd042a953a8ce5c7106d5bfb1a5254e47da92"},
    {file = "PyYAML-6.0-cp36-cp36m-manylinux_2_5_x86_64.manylinux1_x86_64.manylinux_2_12_x86_64.manylinux2010_x86_64.whl", hash = "sha256:98c4d36e99714e55cfbaaee6dd5badbc9a1ec339ebfc3b1f52e293aee6bb71a4"},
    {file = "PyYAML-6.0-cp36-cp36m-win32.whl", hash = "sha256:0283c35a6a9fbf047493e3a0ce8d79ef5030852c51e9d911a27badfde0605293"},
    {file = "PyYAML-6.0-cp36-cp36m-win_amd64.whl", hash = "sha256:07751360502caac1c067a8132d150cf3d61339af5691fe9e87803040dbc5db57"},
    {file = "PyYAML-6.0-cp37-cp37m-macosx_10_9_x86_64.whl", hash = "sha256:819b3830a1543db06c4d4b865e70ded25be52a2e0631ccd2f6a47a2822f2fd7c"},
    {file = "PyYAML-6.0-cp37-cp37m-manylinux_2_17_aarch64.manylinux2014_aarch64.whl", hash = "sha256:473f9edb243cb1935ab5a084eb238d842fb8f404ed2193a915d1784b5a6b5fc0"},
    {file = "PyYAML-6.0-cp37-cp37m-manylinux_2_17_s390x.manylinux2014_s390x.whl", hash = "sha256:0ce82d761c532fe4ec3f87fc45688bdd3a4c1dc5e0b4a19814b9009a29baefd4"},
    {file = "PyYAML-6.0-cp37-cp37m-manylinux_2_5_x86_64.manylinux1_x86_64.manylinux_2_12_x86_64.manylinux2010_x86_64.whl", hash = "sha256:231710d57adfd809ef5d34183b8ed1eeae3f76459c18fb4a0b373ad56bedcdd9"},
    {file = "PyYAML-6.0-cp37-cp37m-win32.whl", hash = "sha256:c5687b8d43cf58545ade1fe3e055f70eac7a5a1a0bf42824308d868289a95737"},
    {file = "PyYAML-6.0-cp37-cp37m-win_amd64.whl", hash = "sha256:d15a181d1ecd0d4270dc32edb46f7cb7733c7c508857278d3d378d14d606db2d"},
    {file = "PyYAML-6.0-cp38-cp38-macosx_10_9_x86_64.whl", hash = "sha256:0b4624f379dab24d3725ffde76559cff63d9ec94e1736b556dacdfebe5ab6d4b"},
    {file = "PyYAML-6.0-cp38-cp38-manylinux_2_17_aarch64.manylinux2014_aarch64.whl", hash = "sha256:213c60cd50106436cc818accf5baa1aba61c0189ff610f64f4a3e8c6726218ba"},
    {file = "PyYAML-6.0-cp38-cp38-manylinux_2_17_s390x.manylinux2014_s390x.whl", hash = "sha256:9fa600030013c4de8165339db93d182b9431076eb98eb40ee068700c9c813e34"},
    {file = "PyYAML-6.0-cp38-cp38-manylinux_2_5_x86_64.manylinux1_x86_64.manylinux_2_12_x86_64.manylinux2010_x86_64.whl", hash = "sha256:277a0ef2981ca40581a47093e9e2d13b3f1fbbeffae064c1d21bfceba2030287"},
    {file = "PyYAML-6.0-cp38-cp38-win32.whl", hash = "sha256:d4eccecf9adf6fbcc6861a38015c2a64f38b9d94838ac1810a9023a0609e1b78"},
    {file = "PyYAML-6.0-cp38-cp38-win_amd64.whl", hash = "sha256:1e4747bc279b4f613a09eb64bba2ba602d8a6664c6ce6396a4d0cd413a50ce07"},
    {file = "PyYAML-6.0-cp39-cp39-macosx_10_9_x86_64.whl", hash = "sha256:055d937d65826939cb044fc8c9b08889e8c743fdc6a32b33e2390f66013e449b"},
    {file = "PyYAML-6.0-cp39-cp39-macosx_11_0_arm64.whl", hash = "sha256:e61ceaab6f49fb8bdfaa0f92c4b57bcfbea54c09277b1b4f7ac376bfb7a7c174"},
    {file = "PyYAML-6.0-cp39-cp39-manylinux_2_17_aarch64.manylinux2014_aarch64.whl", hash = "sha256:d67d839ede4ed1b28a4e8909735fc992a923cdb84e618544973d7dfc71540803"},
    {file = "PyYAML-6.0-cp39-cp39-manylinux_2_17_s390x.manylinux2014_s390x.whl", hash = "sha256:cba8c411ef271aa037d7357a2bc8f9ee8b58b9965831d9e51baf703280dc73d3"},
    {file = "PyYAML-6.0-cp39-cp39-manylinux_2_5_x86_64.manylinux1_x86_64.manylinux_2_12_x86_64.manylinux2010_x86_64.whl", hash = "sha256:40527857252b61eacd1d9af500c3337ba8deb8fc298940291486c465c8b46ec0"},
    {file = "PyYAML-6.0-cp39-cp39-win32.whl", hash = "sha256:b5b9eccad747aabaaffbc6064800670f0c297e52c12754eb1d976c57e4f74dcb"},
    {file = "PyYAML-6.0-cp39-cp39-win_amd64.whl", hash = "sha256:b3d267842bf12586ba6c734f89d1f5b871df0273157918b0ccefa29deb05c21c"},
    {file = "PyYAML-6.0.tar.gz", hash = "sha256:68fb519c14306fec9720a2a5b45bc9f0c8d1b9c72adf45c37baedfcd949c35a2"},
]

[[package]]
name = "rapidfuzz"
version = "2.15.0"
description = "rapid fuzzy string matching"
category = "main"
optional = false
python-versions = ">=3.7"
files = [
    {file = "rapidfuzz-2.15.0-cp310-cp310-macosx_10_9_universal2.whl", hash = "sha256:3a610c7c1711a382b330c0e0910c981dd1cd398b135bc2e29219e685685d7afd"},
    {file = "rapidfuzz-2.15.0-cp310-cp310-macosx_10_9_x86_64.whl", hash = "sha256:e51d41689f551b4d1f678be2b6dd6e1cf87c961b8899bdb96a048491234354dc"},
    {file = "rapidfuzz-2.15.0-cp310-cp310-macosx_11_0_arm64.whl", hash = "sha256:824cf194bb50863f1ff6de6f1aa04693bbb9743981dcdc35a98549c6bf829d01"},
    {file = "rapidfuzz-2.15.0-cp310-cp310-manylinux_2_17_aarch64.manylinux2014_aarch64.whl", hash = "sha256:bb7a110b439ba3ee4986d19234e6ef00b36a5f8e9747896c24498fa23e684514"},
    {file = "rapidfuzz-2.15.0-cp310-cp310-manylinux_2_17_i686.manylinux2014_i686.whl", hash = "sha256:1b8dcf09453b0b0f4dc64efb35148cab8a0fb6c466d34e5cefd96ca6ab7fdb4e"},
    {file = "rapidfuzz-2.15.0-cp310-cp310-manylinux_2_17_ppc64le.manylinux2014_ppc64le.whl", hash = "sha256:2f24708f6906b0883669c9eb4e67d0f65519f03530bae82b2b277ef62ec46ac7"},
    {file = "rapidfuzz-2.15.0-cp310-cp310-manylinux_2_17_s390x.manylinux2014_s390x.whl", hash = "sha256:b9681f9e4d19307666a84f6c0f3706b22d35eeaeeab07ac356b1393b00f97cac"},
    {file = "rapidfuzz-2.15.0-cp310-cp310-manylinux_2_17_x86_64.manylinux2014_x86_64.whl", hash = "sha256:2892b50be613d1458a85106e0c1a21a9e8fd317e24028e8fae61be022870c9cd"},
    {file = "rapidfuzz-2.15.0-cp310-cp310-musllinux_1_1_aarch64.whl", hash = "sha256:1b49947c5f0c7543fdab825e9375edcd407f85250d077e0a404844961d888c9b"},
    {file = "rapidfuzz-2.15.0-cp310-cp310-musllinux_1_1_i686.whl", hash = "sha256:ec5324f6fda41e72f49830cb0b8d124b9431c2e3d4928fb0bd28d461dd6657d4"},
    {file = "rapidfuzz-2.15.0-cp310-cp310-musllinux_1_1_ppc64le.whl", hash = "sha256:e23cec8f517f8dcd3fc7f13d2793616b92b1b2fd36c3759c92758f8166ecd154"},
    {file = "rapidfuzz-2.15.0-cp310-cp310-musllinux_1_1_s390x.whl", hash = "sha256:420f4544bf230835e39786f55542d75108015a27dfd94779440cffb08d3762c8"},
    {file = "rapidfuzz-2.15.0-cp310-cp310-musllinux_1_1_x86_64.whl", hash = "sha256:550515f4a2e7051bbae343851a9ec3adc7edb1656b181b2a8ee571ae7fe8a21e"},
    {file = "rapidfuzz-2.15.0-cp310-cp310-win32.whl", hash = "sha256:632d5473ba52da7fa71573c460d5fef470b3ec6d560348a07f97f2860b16f791"},
    {file = "rapidfuzz-2.15.0-cp310-cp310-win_amd64.whl", hash = "sha256:ae44dc7a350deaf92d313369b46280b787e52b99103437c46002ce29b3ba85eb"},
    {file = "rapidfuzz-2.15.0-cp311-cp311-macosx_10_9_universal2.whl", hash = "sha256:f4107e92744bd1fd83fd38058aee3858893a4ab5b4eab76a758eb13804c38692"},
    {file = "rapidfuzz-2.15.0-cp311-cp311-macosx_10_9_x86_64.whl", hash = "sha256:666bad2454b2fabd14e397fd467edc95e57f6324eb8bfc8c13f962732a4cba4e"},
    {file = "rapidfuzz-2.15.0-cp311-cp311-macosx_11_0_arm64.whl", hash = "sha256:03aa67c2eaf33391317598ea688a6cb522a9823c8d8a8eee9c85dc60b6fcbbc8"},
    {file = "rapidfuzz-2.15.0-cp311-cp311-manylinux_2_17_aarch64.manylinux2014_aarch64.whl", hash = "sha256:f22a9f8d97766e18179ddc3251027ef346177335518826592d6e2862c811a4c7"},
    {file = "rapidfuzz-2.15.0-cp311-cp311-manylinux_2_17_i686.manylinux2014_i686.whl", hash = "sha256:313f3609fe37153d50436884d852aee3a56ac41734c807718d8453bd3c243565"},
    {file = "rapidfuzz-2.15.0-cp311-cp311-manylinux_2_17_ppc64le.manylinux2014_ppc64le.whl", hash = "sha256:2fb5bac25bb5b0d6833f7b740292651759dab870f0487911def46214526f5dc9"},
    {file = "rapidfuzz-2.15.0-cp311-cp311-manylinux_2_17_s390x.manylinux2014_s390x.whl", hash = "sha256:5bc26a506c758bed4bf5b43b90a8c79460e76e28db97330cb6640287468d575d"},
    {file = "rapidfuzz-2.15.0-cp311-cp311-manylinux_2_17_x86_64.manylinux2014_x86_64.whl", hash = "sha256:7c5029ddb65ae980bcb87b9790df226105266f7c794b20cb32793b4865564e01"},
    {file = "rapidfuzz-2.15.0-cp311-cp311-musllinux_1_1_aarch64.whl", hash = "sha256:4f393b18d411b590309693e4106fab09dc692f564e6fea4a744a33754f7b6a37"},
    {file = "rapidfuzz-2.15.0-cp311-cp311-musllinux_1_1_i686.whl", hash = "sha256:8d7e73e36fac74877b8a4700e60c9d699eabd48f7fd37419eb5f8124ed023273"},
    {file = "rapidfuzz-2.15.0-cp311-cp311-musllinux_1_1_ppc64le.whl", hash = "sha256:b3a125e32831a4370096903f0c2cc1314cf2ceae3af4431ac4885e53984201a5"},
    {file = "rapidfuzz-2.15.0-cp311-cp311-musllinux_1_1_s390x.whl", hash = "sha256:c32d41dce29d0d14a393de443a1980001bf341b2dc977fab73cbb46be3beb10f"},
    {file = "rapidfuzz-2.15.0-cp311-cp311-musllinux_1_1_x86_64.whl", hash = "sha256:fb4b8e3a52f2f28944499ab6b95817419e482b48cd11d776034ea4c98ea9e33f"},
    {file = "rapidfuzz-2.15.0-cp311-cp311-win32.whl", hash = "sha256:4cd63b1debe72535d7b72de98c50571859954ffb3e5ffc5b0869feb29c407013"},
    {file = "rapidfuzz-2.15.0-cp311-cp311-win_amd64.whl", hash = "sha256:06b65e724cdca4eda6a639d491339445f140d88a598bc0eb98be80147003dc26"},
    {file = "rapidfuzz-2.15.0-cp37-cp37m-macosx_10_9_x86_64.whl", hash = "sha256:12b1d47eeb04b261f686bf29e4443807f8f953a0918aa5cc3ff1f4d3d48c64a5"},
    {file = "rapidfuzz-2.15.0-cp37-cp37m-manylinux_2_17_aarch64.manylinux2014_aarch64.whl", hash = "sha256:9ad14814b68719f1e31d03751fa0dae5b30012c56a5155959443030134616eb4"},
    {file = "rapidfuzz-2.15.0-cp37-cp37m-manylinux_2_17_i686.manylinux2014_i686.whl", hash = "sha256:2886b2bf740353eace1a942844df2b6bbcfca69717cb4aac033681983e306856"},
    {file = "rapidfuzz-2.15.0-cp37-cp37m-manylinux_2_17_ppc64le.manylinux2014_ppc64le.whl", hash = "sha256:d31c7ba453a811bfdcd802f1a4703a21d7301ccdb91d81d92093eaceafb14a30"},
    {file = "rapidfuzz-2.15.0-cp37-cp37m-manylinux_2_17_s390x.manylinux2014_s390x.whl", hash = "sha256:24113e4afa1a6ca810f969ab996146bdbdcd338b35f115f935ae63d6b8d2aa75"},
    {file = "rapidfuzz-2.15.0-cp37-cp37m-manylinux_2_17_x86_64.manylinux2014_x86_64.whl", hash = "sha256:56d63cc530b49ce0afb1aadf3d11bb0f52220a221e799715f63a8b77dea152cf"},
    {file = "rapidfuzz-2.15.0-cp37-cp37m-musllinux_1_1_aarch64.whl", hash = "sha256:210af56001533ed1d8c7d5d0e57081877ba35a9391fb36d0a606693b0bd15d49"},
    {file = "rapidfuzz-2.15.0-cp37-cp37m-musllinux_1_1_i686.whl", hash = "sha256:9bc3f66189967b1504f617c09b295b6a8ad3a34a63e713c5553068bceb21c351"},
    {file = "rapidfuzz-2.15.0-cp37-cp37m-musllinux_1_1_ppc64le.whl", hash = "sha256:367f70a0c8bb19684c38973fe54888bd9179e991253547c4ee116a17f3d44319"},
    {file = "rapidfuzz-2.15.0-cp37-cp37m-musllinux_1_1_s390x.whl", hash = "sha256:5461e4cb215989c52872a886a1217e08af5de4c565c8bf356ab0f331dcfb8763"},
    {file = "rapidfuzz-2.15.0-cp37-cp37m-musllinux_1_1_x86_64.whl", hash = "sha256:b97bb1b3e32700e6bce2036c9435532a6dc45a5df8af8a7b842038b2eeaf3f9d"},
    {file = "rapidfuzz-2.15.0-cp37-cp37m-win32.whl", hash = "sha256:d9ec6429508ab1f2b752163970f26f4a179746c34c4862d3b3c2410be09d4fea"},
    {file = "rapidfuzz-2.15.0-cp37-cp37m-win_amd64.whl", hash = "sha256:be0b533a3909c1db82e7a3c03e533374c71441dded616b71f222c4edd0058a52"},
    {file = "rapidfuzz-2.15.0-cp38-cp38-macosx_10_9_universal2.whl", hash = "sha256:6c446c31468da2a08ec874baaeada06f3af6cede2b3010a2f0fccc5a95c3997d"},
    {file = "rapidfuzz-2.15.0-cp38-cp38-macosx_10_9_x86_64.whl", hash = "sha256:577620e28f2b407231f293c58b24b1a7861ddd8092b7e6c6ba34b9945b5aa0a5"},
    {file = "rapidfuzz-2.15.0-cp38-cp38-macosx_11_0_arm64.whl", hash = "sha256:43e397ba21f6a53c6982c8ad0aae1ed5375d3e12089a9ede6c63c0fbffdb5354"},
    {file = "rapidfuzz-2.15.0-cp38-cp38-manylinux_2_17_aarch64.manylinux2014_aarch64.whl", hash = "sha256:6efe5d6b97366dc0c0ec575212441ccaebec5c7669a0a91f4dca5e751a6cace8"},
    {file = "rapidfuzz-2.15.0-cp38-cp38-manylinux_2_17_i686.manylinux2014_i686.whl", hash = "sha256:c63637a74e00913c59bad6988cdf247c7ddc07b4f52cb4a3b15f08ebf90c2556"},
    {file = "rapidfuzz-2.15.0-cp38-cp38-manylinux_2_17_ppc64le.manylinux2014_ppc64le.whl", hash = "sha256:5103b0be98271131ea992c62544b788f9afb90bbc716e5799b660dbca7b2959d"},
    {file = "rapidfuzz-2.15.0-cp38-cp38-manylinux_2_17_s390x.manylinux2014_s390x.whl", hash = "sha256:6a98614ad176a7ee719e3f30313f910a79ce17adbeea1f06bd4a1c5c997af762"},
    {file = "rapidfuzz-2.15.0-cp38-cp38-manylinux_2_17_x86_64.manylinux2014_x86_64.whl", hash = "sha256:8fecb07d87739912153b532bc1b5edbe3ecdf32a20e219d9bb02ef411d4c7638"},
    {file = "rapidfuzz-2.15.0-cp38-cp38-musllinux_1_1_aarch64.whl", hash = "sha256:9662c286e493b7dc8e05363c63284889874097d6a594200702dd5703f76ad310"},
    {file = "rapidfuzz-2.15.0-cp38-cp38-musllinux_1_1_i686.whl", hash = "sha256:b7717d489b65199a61e32cc87ad2e0a21b93b11de5f0873c91bcb77bfccda1cd"},
    {file = "rapidfuzz-2.15.0-cp38-cp38-musllinux_1_1_ppc64le.whl", hash = "sha256:d10bb6fbf7e1f4f43a3b5a15e4cae28e52ade397704fa0f4566cf651ac23897e"},
    {file = "rapidfuzz-2.15.0-cp38-cp38-musllinux_1_1_s390x.whl", hash = "sha256:6d0734d368eb6ab131d2644e0119a2d9164be9670de493391694ff647902f4ac"},
    {file = "rapidfuzz-2.15.0-cp38-cp38-musllinux_1_1_x86_64.whl", hash = "sha256:5ef94ed9e3b371f935643cffb967a8090bd7c08e8a4a62523ffbc108bb57b8df"},
    {file = "rapidfuzz-2.15.0-cp38-cp38-win32.whl", hash = "sha256:520865826b038ebf8e099bc7e58e424be14173c8ec72f41944f35c5190761a0c"},
    {file = "rapidfuzz-2.15.0-cp38-cp38-win_amd64.whl", hash = "sha256:bcfcf5ea72fe3bbdc7b7e716a1eca37dd610ab95fb1d8095ec274c9ebe2ebc5a"},
    {file = "rapidfuzz-2.15.0-cp39-cp39-macosx_10_9_universal2.whl", hash = "sha256:e411ed96be9c4dacfbec3b8bd6873b18fa012da11ab544df32b8855b163a3317"},
    {file = "rapidfuzz-2.15.0-cp39-cp39-macosx_10_9_x86_64.whl", hash = "sha256:c2d014e8ca0b7a1e67ca9ee68ab04aa3524134dda33454a33b94404a0f67cfc2"},
    {file = "rapidfuzz-2.15.0-cp39-cp39-macosx_11_0_arm64.whl", hash = "sha256:6580b5e837cd7776b454608caa62e9745be20c2c5f38e3d25aeca1f4ba7f125e"},
    {file = "rapidfuzz-2.15.0-cp39-cp39-manylinux_2_17_aarch64.manylinux2014_aarch64.whl", hash = "sha256:9cdafc456bd327fef05922a73b16ab9ccfdd7108456886456a119517d7c34292"},
    {file = "rapidfuzz-2.15.0-cp39-cp39-manylinux_2_17_i686.manylinux2014_i686.whl", hash = "sha256:2e8ef7ec8f3b9bdcf4b436b2bcd11fff5d1157404bc7bb501f51d7bfc85b7171"},
    {file = "rapidfuzz-2.15.0-cp39-cp39-manylinux_2_17_ppc64le.manylinux2014_ppc64le.whl", hash = "sha256:9790024ef1bde76f62989b59131f17fa6c4bea0f16850aa79774225a079c243f"},
    {file = "rapidfuzz-2.15.0-cp39-cp39-manylinux_2_17_s390x.manylinux2014_s390x.whl", hash = "sha256:00a960016fd801956f619f9c926bf72b8b8010e9b12dee2220357d59d9e4116e"},
    {file = "rapidfuzz-2.15.0-cp39-cp39-manylinux_2_17_x86_64.manylinux2014_x86_64.whl", hash = "sha256:85d9ddb396914fa807179073d9f8c576376bbda34d52d699c5a41327938d4e1f"},
    {file = "rapidfuzz-2.15.0-cp39-cp39-musllinux_1_1_aarch64.whl", hash = "sha256:2a9daf38dd701ce778cf9f5da7c1abc3a2d327d1106bc0d73fe2a33dbfa846f4"},
    {file = "rapidfuzz-2.15.0-cp39-cp39-musllinux_1_1_i686.whl", hash = "sha256:2f6b79bff288d9eb59c6289bd0c92f876e241badfcd205b8087e6140b30a2b36"},
    {file = "rapidfuzz-2.15.0-cp39-cp39-musllinux_1_1_ppc64le.whl", hash = "sha256:b48fb352b5d4436878a9b7062a648fc7fde77948ccd6fba454fe16c4ee367feb"},
    {file = "rapidfuzz-2.15.0-cp39-cp39-musllinux_1_1_s390x.whl", hash = "sha256:830138acb8f57005f37ceec6dc74cd05482c5989c8ca4dba77883dd213039828"},
    {file = "rapidfuzz-2.15.0-cp39-cp39-musllinux_1_1_x86_64.whl", hash = "sha256:50817a5ce7c8e05434d4a40ff23dfb208a91f622af7fb41325a6dfeffcc0b3a8"},
    {file = "rapidfuzz-2.15.0-cp39-cp39-win32.whl", hash = "sha256:a5c6b502600a3e33b536971989e336d1e1ec19c9acbcdc7ea606ea20061134a4"},
    {file = "rapidfuzz-2.15.0-cp39-cp39-win_amd64.whl", hash = "sha256:c5cacf2f1d1b5e79b091717393a50c9b24b703bca9c84d35c942c188ced67910"},
    {file = "rapidfuzz-2.15.0-pp37-pypy37_pp73-macosx_10_9_x86_64.whl", hash = "sha256:76f0248da712ea4abed9e6962873d41cc5fb13777455b4c811b3f9a853fd7e28"},
    {file = "rapidfuzz-2.15.0-pp37-pypy37_pp73-manylinux_2_17_aarch64.manylinux2014_aarch64.whl", hash = "sha256:e1f0cb2352b8e64e1804db4c0d91963161d54ce174b1b5575d15da1faf4aace9"},
    {file = "rapidfuzz-2.15.0-pp37-pypy37_pp73-manylinux_2_17_i686.manylinux2014_i686.whl", hash = "sha256:a4f618620253849bb9542a10d23f4c2fc8ac0e06fb485be14312fd494cf48751"},
    {file = "rapidfuzz-2.15.0-pp37-pypy37_pp73-manylinux_2_17_x86_64.manylinux2014_x86_64.whl", hash = "sha256:6f4fd9e5d7a09a60cb8cd0af2ff4abcbd5d8e9ea17304344a03f06cfbe4909b0"},
    {file = "rapidfuzz-2.15.0-pp37-pypy37_pp73-win_amd64.whl", hash = "sha256:d6ca92a5dfd9c97e8d2652ab56ab041d118e0ddf3009f7ae2cb9de7a19688b5d"},
    {file = "rapidfuzz-2.15.0-pp38-pypy38_pp73-macosx_10_9_x86_64.whl", hash = "sha256:f04ac54dba649d3238295c2ff3a01cb9b5bfeb856d375253fd4f6ae2c0152a39"},
    {file = "rapidfuzz-2.15.0-pp38-pypy38_pp73-manylinux_2_17_aarch64.manylinux2014_aarch64.whl", hash = "sha256:2f01d4c96824721e8292182d3270178021ff3d6065598e74fec5cf4b1e794fb2"},
    {file = "rapidfuzz-2.15.0-pp38-pypy38_pp73-manylinux_2_17_i686.manylinux2014_i686.whl", hash = "sha256:9b6822b7be49785664cb72ce9ae8df67578154f6a8cf69e5be5ce7c25580a157"},
    {file = "rapidfuzz-2.15.0-pp38-pypy38_pp73-manylinux_2_17_x86_64.manylinux2014_x86_64.whl", hash = "sha256:c412ede384f3f305a202de4ef5f5b57394b41e213e77df97a33fd45f5837d854"},
    {file = "rapidfuzz-2.15.0-pp38-pypy38_pp73-win_amd64.whl", hash = "sha256:0f570d61288b35bf2ff94f6d60c364fe3a78fc7ae71e7b149daeb2bc38dad1c7"},
    {file = "rapidfuzz-2.15.0-pp39-pypy39_pp73-macosx_10_9_x86_64.whl", hash = "sha256:62d7fa522c56908cbc9e9ead2a52f19ac818cd525474639ec8ee5eb2adab90df"},
    {file = "rapidfuzz-2.15.0-pp39-pypy39_pp73-manylinux_2_17_aarch64.manylinux2014_aarch64.whl", hash = "sha256:462852ef50dced87e1e83ad92520b993afba4e7a4e6e93dbdfcdda449124df9e"},
    {file = "rapidfuzz-2.15.0-pp39-pypy39_pp73-manylinux_2_17_i686.manylinux2014_i686.whl", hash = "sha256:766846a4df99c473d4426e51934421f767db07fa3a4e4d921bb5258a9f8b9a75"},
    {file = "rapidfuzz-2.15.0-pp39-pypy39_pp73-manylinux_2_17_x86_64.manylinux2014_x86_64.whl", hash = "sha256:5fee1e39cdf8361aed89bdcf9bcdcdd47bd3714f16611fcfca46f408d983a661"},
    {file = "rapidfuzz-2.15.0-pp39-pypy39_pp73-win_amd64.whl", hash = "sha256:684ac35c6480561b4a0067319112907e2405a93cb6a228de8214b6a3e86556fd"},
    {file = "rapidfuzz-2.15.0.tar.gz", hash = "sha256:1c7e439d1428882d297bdd0db5626fc4626cdebe50d3fbbf4ed898f775ca56d5"},
]

[package.extras]
full = ["numpy"]

[[package]]
name = "termcolor"
version = "2.2.0"
description = "ANSI color formatting for output in terminal"
category = "main"
optional = false
python-versions = ">=3.7"
files = [
    {file = "termcolor-2.2.0-py3-none-any.whl", hash = "sha256:91ddd848e7251200eac969846cbae2dacd7d71c2871e92733289e7e3666f48e7"},
    {file = "termcolor-2.2.0.tar.gz", hash = "sha256:dfc8ac3f350788f23b2947b3e6cfa5a53b630b612e6cd8965a015a776020b99a"},
]

[package.extras]
tests = ["pytest", "pytest-cov"]

[[package]]
name = "tld"
version = "0.13"
description = "Extract the top-level domain (TLD) from the URL given."
category = "main"
optional = false
python-versions = ">=3.7, <4"
files = [
    {file = "tld-0.13-py2.py3-none-any.whl", hash = "sha256:f75b2be080f767ed17c2338a339eaa4fab5792586319ca819119da252f9f3749"},
    {file = "tld-0.13.tar.gz", hash = "sha256:93dde5e1c04bdf1844976eae440706379d21f4ab235b73c05d7483e074fb5629"},
]

[[package]]
name = "websocket-client"
version = "1.5.1"
description = "WebSocket client for Python with low level API options"
category = "main"
optional = false
python-versions = ">=3.7"
files = [
    {file = "websocket-client-1.5.1.tar.gz", hash = "sha256:3f09e6d8230892547132177f575a4e3e73cfdf06526e20cc02aa1c3b47184d40"},
    {file = "websocket_client-1.5.1-py3-none-any.whl", hash = "sha256:cdf5877568b7e83aa7cf2244ab56a3213de587bbe0ce9d8b9600fc77b455d89e"},
]

[package.extras]
docs = ["Sphinx (>=3.4)", "sphinx-rtd-theme (>=0.5)"]
optional = ["python-socks", "wsaccel"]
test = ["websockets"]

[[package]]
name = "win32-setctime"
version = "1.1.0"
description = "A small Python utility to set file creation time on Windows"
category = "main"
optional = false
python-versions = ">=3.5"
files = [
    {file = "win32_setctime-1.1.0-py3-none-any.whl", hash = "sha256:231db239e959c2fe7eb1d7dc129f11172354f98361c4fa2d6d2d7e278baa8aad"},
    {file = "win32_setctime-1.1.0.tar.gz", hash = "sha256:15cf5750465118d6929ae4de4eb46e8edae9a5634350c01ba582df868e932cb2"},
]

[package.extras]
dev = ["black (>=19.3b0)", "pytest (>=4.6.2)"]

[metadata]
lock-version = "2.0"
python-versions = "^3.11"
content-hash = "b3ad5512cc069f1dccccd938026ed924498de7bbba4c45de1a99eeddb392677b"
